
Microsoft Visual Studio Solution File, Format Version 12.00
# Visual Studio Version 16
VisualStudioVersion = 25.0.1703.6
MinimumVisualStudioVersion = 10.0.40219.1
Project("{FAE04EC0-301F-11D3-BF4B-00C04F79EFBC}") = "Intotech.Hornets.Cmd", "Intotech.Hornets.Cmd.csproj", "{BD4E6683-92D6-4FCF-8C50-D53949F6A0E4}"
EndProject
Global
	GlobalSection(SolutionConfigurationPlatforms) = preSolution
		Debug|Any CPU = Debug|Any CPU
		Release|Any CPU = Release|Any CPU
	EndGlobalSection
	GlobalSection(ProjectConfigurationPlatforms) = postSolution
		{BD4E6683-92D6-4FCF-8C50-D53949F6A0E4}.Debug|Any CPU.ActiveCfg = Debug|Any CPU
		{BD4E6683-92D6-4FCF-8C50-D53949F6A0E4}.Debug|Any CPU.Build.0 = Debug|Any CPU
		{BD4E6683-92D6-4FCF-8C50-D53949F6A0E4}.Release|Any CPU.ActiveCfg = Release|Any CPU
		{BD4E6683-92D6-4FCF-8C50-D53949F6A0E4}.Release|Any CPU.Build.0 = Release|Any CPU
	EndGlobalSection
	GlobalSection(SolutionProperties) = preSolution
		HideSolutionNode = FALSE
	EndGlobalSection
	GlobalSection(ExtensibilityGlobals) = postSolution
		SolutionGuid = {A97FA0BF-1608-444A-96C8-5A631856D769}
	EndGlobalSection
EndGlobal
